# THIS IS AN AUTOGENERATED FILE. DO NOT EDIT THIS FILE DIRECTLY.
# yarn lockfile v1


decamelize@^1.0.0:
  version "1.2.0"
  resolved "https://registry.yarnpkg.com/decamelize/-/decamelize-1.2.0.tgz#f6534d15148269b20352e7bee26f501f9a191290"

humanize-string@^1.0.1:
  version "1.0.1"
  resolved "https://registry.yarnpkg.com/humanize-string/-/humanize-string-1.0.1.tgz#fce2d6c545efc25dea1f23235182c98da0180b42"
  dependencies:
    decamelize "^1.0.0"

humanize-url@^1.0.1:
  version "1.0.1"
  resolved "https://registry.yarnpkg.com/humanize-url/-/humanize-url-1.0.1.tgz#f4ab99e0d288174ca4e1e50407c55fbae464efff"
  dependencies:
    normalize-url "^1.0.0"
    strip-url-auth "^1.0.0"

is-plain-obj@^1.0.0:
  version "1.1.0"
  resolved "https://registry.yarnpkg.com/is-plain-obj/-/is-plain-obj-1.1.0.tgz#71a50c8429dfca773c92a390a4a03b39fcd51d3e"

normalize-url@^1.0.0:
  version "1.9.1"
  resolved "https://registry.yarnpkg.com/normalize-url/-/normalize-url-1.9.1.tgz#2cc0d66b31ea23036458436e3620d85954c66c3c"
  dependencies:
    object-assign "^4.0.1"
    prepend-http "^1.0.0"
    query-string "^4.1.0"
    sort-keys "^1.0.0"

object-assign@^4.0.1, object-assign@^4.1.0:
  version "4.1.1"
  resolved "https://registry.yarnpkg.com/object-assign/-/object-assign-4.1.1.tgz#2109adc7965887cfc05cbbd442cac8bfbb360863"

prepend-http@^1.0.0:
  version "1.0.4"
  resolved "https://registry.yarnpkg.com/prepend-http/-/prepend-http-1.0.4.tgz#d4f4562b0ce3696e41ac52d0e002e57a635dc6dc"

query-string@^4.1.0:
  version "4.3.4"
  resolved "https://registry.yarnpkg.com/query-string/-/query-string-4.3.4.tgz#bbb693b9ca915c232515b228b1a02b609043dbeb"
  dependencies:
    object-assign "^4.1.0"
    strict-uri-encode "^1.0.0"

sort-keys@^1.0.0:
  version "1.1.2"
  resolved "https://registry.yarnpkg.com/sort-keys/-/sort-keys-1.1.2.tgz#441b6d4d346798f1b4e49e8920adfba0e543f9ad"
  dependencies:
    is-plain-obj "^1.0.0"

strict-uri-encode@^1.0.0:
  version "1.1.0"
  resolved "https://registry.yarnpkg.com/strict-uri-encode/-/strict-uri-encode-1.1.0.tgz#279b225df1d582b1f54e65addd4352e18faa0713"

string@^3.3.3:
  version "3.3.3"
  resolved "https://registry.yarnpkg.com/string/-/string-3.3.3.tgz#5ea211cd92d228e184294990a6cc97b366a77cb0"

strip-url-auth@^1.0.0:
  version "1.0.1"
  resolved "https://registry.yarnpkg.com/strip-url-auth/-/strip-url-auth-1.0.1.tgz#22b0fa3a41385b33be3f331551bbb837fa0cd7ae"
